// !$*UTF8*$!
{
	archiveVersion = 1;
	classes = {
	};
	objectVersion = 56;
	objects = {

/* Begin PBXBuildFile section */
		15A089DBC62FBADED997AF91 /* Pods_AquaTerra.framework in Frameworks */ = {isa = PBXBuildFile; fileRef = 7BA3B18A8B7FAC55C97B7D6E /* Pods_AquaTerra.framework */; };
		452DD591C1AB5F625927C19F /* awsconfiguration.json in Resources */ = {isa = PBXBuildFile; fileRef = B126E68F6AB3E80649E71B0A /* awsconfiguration.json */; };
		570E47562A9F1A6000CF6575 /* SessionViewViewModel.swift in Sources */ = {isa = PBXBuildFile; fileRef = 570E47552A9F1A6000CF6575 /* SessionViewViewModel.swift */; };
		57CEAEDE2A9F0CA2002EEFCE /* ConfirmationView.swift in Sources */ = {isa = PBXBuildFile; fileRef = 57CEAEDD2A9F0CA2002EEFCE /* ConfirmationView.swift */; };
		57CEAEE02A9F0CBB002EEFCE /* SessionView.swift in Sources */ = {isa = PBXBuildFile; fileRef = 57CEAEDF2A9F0CBB002EEFCE /* SessionView.swift */; };
		57FDEEF42A99C9F10029303E /* AquaTerraApp.swift in Sources */ = {isa = PBXBuildFile; fileRef = 57FDEEF32A99C9F10029303E /* AquaTerraApp.swift */; };
		57FDEEF62A99C9F10029303E /* MainView.swift in Sources */ = {isa = PBXBuildFile; fileRef = 57FDEEF52A99C9F10029303E /* MainView.swift */; };
		57FDEEF82A99C9F20029303E /* Assets.xcassets in Resources */ = {isa = PBXBuildFile; fileRef = 57FDEEF72A99C9F20029303E /* Assets.xcassets */; };
		57FDEEFC2A99C9F20029303E /* Preview Assets.xcassets in Resources */ = {isa = PBXBuildFile; fileRef = 57FDEEFB2A99C9F20029303E /* Preview Assets.xcassets */; };
		57FDEF082A99D7620029303E /* LoginView.swift in Sources */ = {isa = PBXBuildFile; fileRef = 57FDEF072A99D7620029303E /* LoginView.swift */; };
		57FDEF0A2A99D8AE0029303E /* MainViewViewModel.swift in Sources */ = {isa = PBXBuildFile; fileRef = 57FDEF092A99D8AE0029303E /* MainViewViewModel.swift */; };
		57FDEF0C2A99D8CD0029303E /* LoginViewViewModel.swift in Sources */ = {isa = PBXBuildFile; fileRef = 57FDEF0B2A99D8CD0029303E /* LoginViewViewModel.swift */; };
		57FDEF0E2A99E7300029303E /* SignUpView.swift in Sources */ = {isa = PBXBuildFile; fileRef = 57FDEF0D2A99E7300029303E /* SignUpView.swift */; };
		57FDEF102A99E7450029303E /* SignUpViewViewModel.swift in Sources */ = {isa = PBXBuildFile; fileRef = 57FDEF0F2A99E7450029303E /* SignUpViewViewModel.swift */; };
		C6D20F042AB0259700154327 /* UITools.swift in Sources */ = {isa = PBXBuildFile; fileRef = C6D20EEA2AB0259700154327 /* UITools.swift */; };
		C6D20F052AB0259700154327 /* CusTabbarView.swift in Sources */ = {isa = PBXBuildFile; fileRef = C6D20EEC2AB0259700154327 /* CusTabbarView.swift */; };
		C6D20F062AB0259700154327 /* NavigationBackView.swift in Sources */ = {isa = PBXBuildFile; fileRef = C6D20EED2AB0259700154327 /* NavigationBackView.swift */; };
		C6D20F072AB0259700154327 /* FMNavigationBarView.swift in Sources */ = {isa = PBXBuildFile; fileRef = C6D20EEE2AB0259700154327 /* FMNavigationBarView.swift */; };
		C6D20F082AB0259700154327 /* BaseBarModel.swift in Sources */ = {isa = PBXBuildFile; fileRef = C6D20EF12AB0259700154327 /* BaseBarModel.swift */; };
		C6D20F092AB0259700154327 /* BaseView.swift in Sources */ = {isa = PBXBuildFile; fileRef = C6D20EF22AB0259700154327 /* BaseView.swift */; };
		C6D20F0A2AB0259700154327 /* GRInputView.swift in Sources */ = {isa = PBXBuildFile; fileRef = C6D20EF52AB0259700154327 /* GRInputView.swift */; };
		C6D20F0B2AB0259700154327 /* GRButton.swift in Sources */ = {isa = PBXBuildFile; fileRef = C6D20EF62AB0259700154327 /* GRButton.swift */; };
		C6D20F0C2AB0259700154327 /* GRMapView.swift in Sources */ = {isa = PBXBuildFile; fileRef = C6D20EF72AB0259700154327 /* GRMapView.swift */; };
		C6D20F0D2AB0259700154327 /* GRSubmitView.swift in Sources */ = {isa = PBXBuildFile; fileRef = C6D20EF82AB0259700154327 /* GRSubmitView.swift */; };
		C6D20F0E2AB0259700154327 /* GRegistrationView.swift in Sources */ = {isa = PBXBuildFile; fileRef = C6D20EF92AB0259700154327 /* GRegistrationView.swift */; };
		C6D20F0F2AB0259700154327 /* GRStepView.swift in Sources */ = {isa = PBXBuildFile; fileRef = C6D20EFA2AB0259700154327 /* GRStepView.swift */; };
		C6D20F102AB0259700154327 /* MGViewModel.swift in Sources */ = {isa = PBXBuildFile; fileRef = C6D20EFD2AB0259700154327 /* MGViewModel.swift */; };
		C6D20F112AB0259700154327 /* MGAlertView.swift in Sources */ = {isa = PBXBuildFile; fileRef = C6D20EFE2AB0259700154327 /* MGAlertView.swift */; };
		C6D20F122AB0259700154327 /* MGListItem.swift in Sources */ = {isa = PBXBuildFile; fileRef = C6D20EFF2AB0259700154327 /* MGListItem.swift */; };
		C6D20F132AB0259700154327 /* MGHeaderView.swift in Sources */ = {isa = PBXBuildFile; fileRef = C6D20F002AB0259700154327 /* MGHeaderView.swift */; };
		C6D20F142AB0259700154327 /* MGatewaysView.swift in Sources */ = {isa = PBXBuildFile; fileRef = C6D20F012AB0259700154327 /* MGatewaysView.swift */; };
		C6D20F152AB0259700154327 /* FManagementView.swift in Sources */ = {isa = PBXBuildFile; fileRef = C6D20F032AB0259700154327 /* FManagementView.swift */; };
		F02AFBB5B8E0EA40F5D8C3E0 /* amplifyconfiguration.json in Resources */ = {isa = PBXBuildFile; fileRef = BD3E345A1324DBA81237826D /* amplifyconfiguration.json */; };
/* End PBXBuildFile section */

/* Begin PBXFileReference section */
		570E47552A9F1A6000CF6575 /* SessionViewViewModel.swift */ = {isa = PBXFileReference; lastKnownFileType = sourcecode.swift; path = SessionViewViewModel.swift; sourceTree = "<group>"; };
		57CEAEDD2A9F0CA2002EEFCE /* ConfirmationView.swift */ = {isa = PBXFileReference; lastKnownFileType = sourcecode.swift; path = ConfirmationView.swift; sourceTree = "<group>"; };
		57CEAEDF2A9F0CBB002EEFCE /* SessionView.swift */ = {isa = PBXFileReference; lastKnownFileType = sourcecode.swift; path = SessionView.swift; sourceTree = "<group>"; };
		57FDEEF02A99C9F10029303E /* AquaTerra.app */ = {isa = PBXFileReference; explicitFileType = wrapper.application; includeInIndex = 0; path = AquaTerra.app; sourceTree = BUILT_PRODUCTS_DIR; };
		57FDEEF32A99C9F10029303E /* AquaTerraApp.swift */ = {isa = PBXFileReference; lastKnownFileType = sourcecode.swift; path = AquaTerraApp.swift; sourceTree = "<group>"; };
		57FDEEF52A99C9F10029303E /* MainView.swift */ = {isa = PBXFileReference; lastKnownFileType = sourcecode.swift; path = MainView.swift; sourceTree = "<group>"; };
		57FDEEF72A99C9F20029303E /* Assets.xcassets */ = {isa = PBXFileReference; lastKnownFileType = folder.assetcatalog; path = Assets.xcassets; sourceTree = "<group>"; };
		57FDEEF92A99C9F20029303E /* AquaTerra.entitlements */ = {isa = PBXFileReference; lastKnownFileType = text.plist.entitlements; path = AquaTerra.entitlements; sourceTree = "<group>"; };
		57FDEEFB2A99C9F20029303E /* Preview Assets.xcassets */ = {isa = PBXFileReference; lastKnownFileType = folder.assetcatalog; path = "Preview Assets.xcassets"; sourceTree = "<group>"; };
		57FDEF072A99D7620029303E /* LoginView.swift */ = {isa = PBXFileReference; lastKnownFileType = sourcecode.swift; path = LoginView.swift; sourceTree = "<group>"; };
		57FDEF092A99D8AE0029303E /* MainViewViewModel.swift */ = {isa = PBXFileReference; lastKnownFileType = sourcecode.swift; path = MainViewViewModel.swift; sourceTree = "<group>"; };
		57FDEF0B2A99D8CD0029303E /* LoginViewViewModel.swift */ = {isa = PBXFileReference; lastKnownFileType = sourcecode.swift; path = LoginViewViewModel.swift; sourceTree = "<group>"; };
		57FDEF0D2A99E7300029303E /* SignUpView.swift */ = {isa = PBXFileReference; lastKnownFileType = sourcecode.swift; path = SignUpView.swift; sourceTree = "<group>"; };
		57FDEF0F2A99E7450029303E /* SignUpViewViewModel.swift */ = {isa = PBXFileReference; lastKnownFileType = sourcecode.swift; path = SignUpViewViewModel.swift; sourceTree = "<group>"; };
		7542C0EA64370EBD912ACCD8 /* Pods-AquaTerra.release.xcconfig */ = {isa = PBXFileReference; includeInIndex = 1; lastKnownFileType = text.xcconfig; name = "Pods-AquaTerra.release.xcconfig"; path = "Target Support Files/Pods-AquaTerra/Pods-AquaTerra.release.xcconfig"; sourceTree = "<group>"; };
		7BA3B18A8B7FAC55C97B7D6E /* Pods_AquaTerra.framework */ = {isa = PBXFileReference; explicitFileType = wrapper.framework; includeInIndex = 0; path = Pods_AquaTerra.framework; sourceTree = BUILT_PRODUCTS_DIR; };
		9CE2869D6D248E0C62E96416 /* Pods-AquaTerra.debug.xcconfig */ = {isa = PBXFileReference; includeInIndex = 1; lastKnownFileType = text.xcconfig; name = "Pods-AquaTerra.debug.xcconfig"; path = "Target Support Files/Pods-AquaTerra/Pods-AquaTerra.debug.xcconfig"; sourceTree = "<group>"; };
		B126E68F6AB3E80649E71B0A /* awsconfiguration.json */ = {isa = PBXFileReference; explicitFileType = text.json; path = awsconfiguration.json; sourceTree = "<group>"; };
		BD3E345A1324DBA81237826D /* amplifyconfiguration.json */ = {isa = PBXFileReference; explicitFileType = text.json; path = amplifyconfiguration.json; sourceTree = "<group>"; };
		C6D20EEA2AB0259700154327 /* UITools.swift */ = {isa = PBXFileReference; fileEncoding = 4; lastKnownFileType = sourcecode.swift; path = UITools.swift; sourceTree = "<group>"; };
		C6D20EEC2AB0259700154327 /* CusTabbarView.swift */ = {isa = PBXFileReference; fileEncoding = 4; lastKnownFileType = sourcecode.swift; path = CusTabbarView.swift; sourceTree = "<group>"; };
		C6D20EED2AB0259700154327 /* NavigationBackView.swift */ = {isa = PBXFileReference; fileEncoding = 4; lastKnownFileType = sourcecode.swift; path = NavigationBackView.swift; sourceTree = "<group>"; };
		C6D20EEE2AB0259700154327 /* FMNavigationBarView.swift */ = {isa = PBXFileReference; fileEncoding = 4; lastKnownFileType = sourcecode.swift; path = FMNavigationBarView.swift; sourceTree = "<group>"; };
		C6D20EF12AB0259700154327 /* BaseBarModel.swift */ = {isa = PBXFileReference; fileEncoding = 4; lastKnownFileType = sourcecode.swift; path = BaseBarModel.swift; sourceTree = "<group>"; };
		C6D20EF22AB0259700154327 /* BaseView.swift */ = {isa = PBXFileReference; fileEncoding = 4; lastKnownFileType = sourcecode.swift; path = BaseView.swift; sourceTree = "<group>"; };
		C6D20EF52AB0259700154327 /* GRInputView.swift */ = {isa = PBXFileReference; fileEncoding = 4; lastKnownFileType = sourcecode.swift; path = GRInputView.swift; sourceTree = "<group>"; };
		C6D20EF62AB0259700154327 /* GRButton.swift */ = {isa = PBXFileReference; fileEncoding = 4; lastKnownFileType = sourcecode.swift; path = GRButton.swift; sourceTree = "<group>"; };
		C6D20EF72AB0259700154327 /* GRMapView.swift */ = {isa = PBXFileReference; fileEncoding = 4; lastKnownFileType = sourcecode.swift; path = GRMapView.swift; sourceTree = "<group>"; };
		C6D20EF82AB0259700154327 /* GRSubmitView.swift */ = {isa = PBXFileReference; fileEncoding = 4; lastKnownFileType = sourcecode.swift; path = GRSubmitView.swift; sourceTree = "<group>"; };
		C6D20EF92AB0259700154327 /* GRegistrationView.swift */ = {isa = PBXFileReference; fileEncoding = 4; lastKnownFileType = sourcecode.swift; path = GRegistrationView.swift; sourceTree = "<group>"; };
		C6D20EFA2AB0259700154327 /* GRStepView.swift */ = {isa = PBXFileReference; fileEncoding = 4; lastKnownFileType = sourcecode.swift; path = GRStepView.swift; sourceTree = "<group>"; };
		C6D20EFD2AB0259700154327 /* MGViewModel.swift */ = {isa = PBXFileReference; fileEncoding = 4; lastKnownFileType = sourcecode.swift; path = MGViewModel.swift; sourceTree = "<group>"; };
		C6D20EFE2AB0259700154327 /* MGAlertView.swift */ = {isa = PBXFileReference; fileEncoding = 4; lastKnownFileType = sourcecode.swift; path = MGAlertView.swift; sourceTree = "<group>"; };
		C6D20EFF2AB0259700154327 /* MGListItem.swift */ = {isa = PBXFileReference; fileEncoding = 4; lastKnownFileType = sourcecode.swift; path = MGListItem.swift; sourceTree = "<group>"; };
		C6D20F002AB0259700154327 /* MGHeaderView.swift */ = {isa = PBXFileReference; fileEncoding = 4; lastKnownFileType = sourcecode.swift; path = MGHeaderView.swift; sourceTree = "<group>"; };
		C6D20F012AB0259700154327 /* MGatewaysView.swift */ = {isa = PBXFileReference; fileEncoding = 4; lastKnownFileType = sourcecode.swift; path = MGatewaysView.swift; sourceTree = "<group>"; };
		C6D20F032AB0259700154327 /* FManagementView.swift */ = {isa = PBXFileReference; fileEncoding = 4; lastKnownFileType = sourcecode.swift; path = FManagementView.swift; sourceTree = "<group>"; };
		C6D20F162AB026CF00154327 /* Info.plist */ = {isa = PBXFileReference; lastKnownFileType = text.plist; path = Info.plist; sourceTree = "<group>"; };
/* End PBXFileReference section */

/* Begin PBXFrameworksBuildPhase section */
		57FDEEED2A99C9F10029303E /* Frameworks */ = {
			isa = PBXFrameworksBuildPhase;
			buildActionMask = 2147483647;
			files = (
				15A089DBC62FBADED997AF91 /* Pods_AquaTerra.framework in Frameworks */,
			);
			runOnlyForDeploymentPostprocessing = 0;
		};
/* End PBXFrameworksBuildPhase section */

/* Begin PBXGroup section */
		57FDEEE72A99C9F10029303E = {
			isa = PBXGroup;
			children = (
				57FDEEF22A99C9F10029303E /* AquaTerra */,
				57FDEEF12A99C9F10029303E /* Products */,
				D1BA71CF673EFDA48F3D8DAD /* Pods */,
				586A99A584B40E8657E5DAF9 /* Frameworks */,
				8F42E5E195B0260A6BBD6EC9 /* AmplifyConfig */,
			);
			sourceTree = "<group>";
		};
		57FDEEF12A99C9F10029303E /* Products */ = {
			isa = PBXGroup;
			children = (
				57FDEEF02A99C9F10029303E /* AquaTerra.app */,
			);
			name = Products;
			sourceTree = "<group>";
		};
		57FDEEF22A99C9F10029303E /* AquaTerra */ = {
			isa = PBXGroup;
			children = (
				C6D20F162AB026CF00154327 /* Info.plist */,
				C6D20EE82AB0259700154327 /* FramManagement */,
				57FDEF062A99D5870029303E /* Other */,
				57FDEF042A99D56C0029303E /* Models */,
				57FDEF032A99D55D0029303E /* ViewModels */,
				57FDEF022A99D54D0029303E /* Views */,
				57FDEEF92A99C9F20029303E /* AquaTerra.entitlements */,
				57FDEEFA2A99C9F20029303E /* Preview Content */,
			);
			path = AquaTerra;
			sourceTree = "<group>";
		};
		57FDEEFA2A99C9F20029303E /* Preview Content */ = {
			isa = PBXGroup;
			children = (
				57FDEEFB2A99C9F20029303E /* Preview Assets.xcassets */,
			);
			path = "Preview Content";
			sourceTree = "<group>";
		};
		57FDEF022A99D54D0029303E /* Views */ = {
			isa = PBXGroup;
			children = (
				57FDEEF52A99C9F10029303E /* MainView.swift */,
				57FDEF072A99D7620029303E /* LoginView.swift */,
				57FDEF0D2A99E7300029303E /* SignUpView.swift */,
				57CEAEDD2A9F0CA2002EEFCE /* ConfirmationView.swift */,
				57CEAEDF2A9F0CBB002EEFCE /* SessionView.swift */,
			);
			path = Views;
			sourceTree = "<group>";
		};
		57FDEF032A99D55D0029303E /* ViewModels */ = {
			isa = PBXGroup;
			children = (
				57FDEF092A99D8AE0029303E /* MainViewViewModel.swift */,
				57FDEF0B2A99D8CD0029303E /* LoginViewViewModel.swift */,
				57FDEF0F2A99E7450029303E /* SignUpViewViewModel.swift */,
				570E47552A9F1A6000CF6575 /* SessionViewViewModel.swift */,
			);
			path = ViewModels;
			sourceTree = "<group>";
		};
		57FDEF042A99D56C0029303E /* Models */ = {
			isa = PBXGroup;
			children = (
			);
			path = Models;
			sourceTree = "<group>";
		};
		57FDEF062A99D5870029303E /* Other */ = {
			isa = PBXGroup;
			children = (
				57FDEEF32A99C9F10029303E /* AquaTerraApp.swift */,
				57FDEEF72A99C9F20029303E /* Assets.xcassets */,
			);
			path = Other;
			sourceTree = "<group>";
		};
		586A99A584B40E8657E5DAF9 /* Frameworks */ = {
			isa = PBXGroup;
			children = (
				7BA3B18A8B7FAC55C97B7D6E /* Pods_AquaTerra.framework */,
			);
			name = Frameworks;
			sourceTree = "<group>";
		};
		8F42E5E195B0260A6BBD6EC9 /* AmplifyConfig */ = {
			isa = PBXGroup;
			children = (
				B126E68F6AB3E80649E71B0A /* awsconfiguration.json */,
				BD3E345A1324DBA81237826D /* amplifyconfiguration.json */,
			);
			name = AmplifyConfig;
			sourceTree = "<group>";
		};
		C6D20EE82AB0259700154327 /* FramManagement */ = {
			isa = PBXGroup;
			children = (
				C6D20EE92AB0259700154327 /* Tools */,
				C6D20EEB2AB0259700154327 /* Common */,
				C6D20EEF2AB0259700154327 /* Bar */,
				C6D20EF32AB0259700154327 /* Views */,
			);
			path = FramManagement;
			sourceTree = "<group>";
		};
		C6D20EE92AB0259700154327 /* Tools */ = {
			isa = PBXGroup;
			children = (
				C6D20EEA2AB0259700154327 /* UITools.swift */,
			);
			path = Tools;
			sourceTree = "<group>";
		};
		C6D20EEB2AB0259700154327 /* Common */ = {
			isa = PBXGroup;
			children = (
				C6D20EEC2AB0259700154327 /* CusTabbarView.swift */,
				C6D20EED2AB0259700154327 /* NavigationBackView.swift */,
				C6D20EEE2AB0259700154327 /* FMNavigationBarView.swift */,
			);
			path = Common;
			sourceTree = "<group>";
		};
		C6D20EEF2AB0259700154327 /* Bar */ = {
			isa = PBXGroup;
			children = (
				C6D20EF02AB0259700154327 /* ViewModels */,
				C6D20EF22AB0259700154327 /* BaseView.swift */,
			);
			path = Bar;
			sourceTree = "<group>";
		};
		C6D20EF02AB0259700154327 /* ViewModels */ = {
			isa = PBXGroup;
			children = (
				C6D20EF12AB0259700154327 /* BaseBarModel.swift */,
			);
			path = ViewModels;
			sourceTree = "<group>";
		};
		C6D20EF32AB0259700154327 /* Views */ = {
			isa = PBXGroup;
			children = (
				C6D20EF42AB0259700154327 /* GRegistration */,
				C6D20EFB2AB0259700154327 /* MGateway */,
				C6D20F022AB0259700154327 /* FManagement */,
			);
			path = Views;
			sourceTree = "<group>";
		};
		C6D20EF42AB0259700154327 /* GRegistration */ = {
			isa = PBXGroup;
			children = (
				C6D20EF52AB0259700154327 /* GRInputView.swift */,
				C6D20EF62AB0259700154327 /* GRButton.swift */,
				C6D20EF72AB0259700154327 /* GRMapView.swift */,
				C6D20EF82AB0259700154327 /* GRSubmitView.swift */,
				C6D20EF92AB0259700154327 /* GRegistrationView.swift */,
				C6D20EFA2AB0259700154327 /* GRStepView.swift */,
			);
			path = GRegistration;
			sourceTree = "<group>";
		};
		C6D20EFB2AB0259700154327 /* MGateway */ = {
			isa = PBXGroup;
			children = (
				C6D20EFC2AB0259700154327 /* ViewModels */,
				C6D20EFE2AB0259700154327 /* MGAlertView.swift */,
				C6D20EFF2AB0259700154327 /* MGListItem.swift */,
				C6D20F002AB0259700154327 /* MGHeaderView.swift */,
				C6D20F012AB0259700154327 /* MGatewaysView.swift */,
			);
			path = MGateway;
			sourceTree = "<group>";
		};
		C6D20EFC2AB0259700154327 /* ViewModels */ = {
			isa = PBXGroup;
			children = (
				C6D20EFD2AB0259700154327 /* MGViewModel.swift */,
			);
			path = ViewModels;
			sourceTree = "<group>";
		};
		C6D20F022AB0259700154327 /* FManagement */ = {
			isa = PBXGroup;
			children = (
				C6D20F032AB0259700154327 /* FManagementView.swift */,
			);
			path = FManagement;
			sourceTree = "<group>";
		};
		D1BA71CF673EFDA48F3D8DAD /* Pods */ = {
			isa = PBXGroup;
			children = (
				9CE2869D6D248E0C62E96416 /* Pods-AquaTerra.debug.xcconfig */,
				7542C0EA64370EBD912ACCD8 /* Pods-AquaTerra.release.xcconfig */,
			);
			path = Pods;
			sourceTree = "<group>";
		};
/* End PBXGroup section */

/* Begin PBXNativeTarget section */
		57FDEEEF2A99C9F10029303E /* AquaTerra */ = {
			isa = PBXNativeTarget;
			buildConfigurationList = 57FDEEFF2A99C9F20029303E /* Build configuration list for PBXNativeTarget "AquaTerra" */;
			buildPhases = (
				DD296B66FB6BCE6B7E9ECD83 /* [CP] Check Pods Manifest.lock */,
				57FDEEEC2A99C9F10029303E /* Sources */,
				57FDEEED2A99C9F10029303E /* Frameworks */,
				57FDEEEE2A99C9F10029303E /* Resources */,
				2478B79A33854826C914D8BC /* [CP] Embed Pods Frameworks */,
			);
			buildRules = (
			);
			dependencies = (
			);
			name = AquaTerra;
			productName = AquaTerra;
			productReference = 57FDEEF02A99C9F10029303E /* AquaTerra.app */;
			productType = "com.apple.product-type.application";
		};
/* End PBXNativeTarget section */

/* Begin PBXProject section */
		57FDEEE82A99C9F10029303E /* Project object */ = {
			isa = PBXProject;
			attributes = {
				BuildIndependentTargetsInParallel = 1;
				LastSwiftUpdateCheck = 1430;
				LastUpgradeCheck = 1430;
				TargetAttributes = {
					57FDEEEF2A99C9F10029303E = {
						CreatedOnToolsVersion = 14.3.1;
					};
				};
			};
			buildConfigurationList = 57FDEEEB2A99C9F10029303E /* Build configuration list for PBXProject "AquaTerra" */;
			compatibilityVersion = "Xcode 14.0";
			developmentRegion = en;
			hasScannedForEncodings = 0;
			knownRegions = (
				en,
				Base,
			);
			mainGroup = 57FDEEE72A99C9F10029303E;
			productRefGroup = 57FDEEF12A99C9F10029303E /* Products */;
			projectDirPath = "";
			projectRoot = "";
			targets = (
				57FDEEEF2A99C9F10029303E /* AquaTerra */,
			);
		};
/* End PBXProject section */

/* Begin PBXResourcesBuildPhase section */
		57FDEEEE2A99C9F10029303E /* Resources */ = {
			isa = PBXResourcesBuildPhase;
			buildActionMask = 2147483647;
			files = (
				57FDEEFC2A99C9F20029303E /* Preview Assets.xcassets in Resources */,
				57FDEEF82A99C9F20029303E /* Assets.xcassets in Resources */,
				452DD591C1AB5F625927C19F /* awsconfiguration.json in Resources */,
				F02AFBB5B8E0EA40F5D8C3E0 /* amplifyconfiguration.json in Resources */,
			);
			runOnlyForDeploymentPostprocessing = 0;
		};
/* End PBXResourcesBuildPhase section */

/* Begin PBXShellScriptBuildPhase section */
		2478B79A33854826C914D8BC /* [CP] Embed Pods Frameworks */ = {
			isa = PBXShellScriptBuildPhase;
			buildActionMask = 2147483647;
			files = (
			);
			inputFileListPaths = (
				"${PODS_ROOT}/Target Support Files/Pods-AquaTerra/Pods-AquaTerra-frameworks-${CONFIGURATION}-input-files.xcfilelist",
			);
			inputPaths = (
			);
			name = "[CP] Embed Pods Frameworks";
			outputFileListPaths = (
				"${PODS_ROOT}/Target Support Files/Pods-AquaTerra/Pods-AquaTerra-frameworks-${CONFIGURATION}-output-files.xcfilelist",
			);
			outputPaths = (
			);
			runOnlyForDeploymentPostprocessing = 0;
			shellPath = /bin/sh;
			shellScript = "\"${PODS_ROOT}/Target Support Files/Pods-AquaTerra/Pods-AquaTerra-frameworks.sh\"\n";
			showEnvVarsInLog = 0;
		};
		DD296B66FB6BCE6B7E9ECD83 /* [CP] Check Pods Manifest.lock */ = {
			isa = PBXShellScriptBuildPhase;
			buildActionMask = 2147483647;
			files = (
			);
			inputFileListPaths = (
			);
			inputPaths = (
				"${PODS_PODFILE_DIR_PATH}/Podfile.lock",
				"${PODS_ROOT}/Manifest.lock",
			);
			name = "[CP] Check Pods Manifest.lock";
			outputFileListPaths = (
			);
			outputPaths = (
				"$(DERIVED_FILE_DIR)/Pods-AquaTerra-checkManifestLockResult.txt",
			);
			runOnlyForDeploymentPostprocessing = 0;
			shellPath = /bin/sh;
			shellScript = "diff \"${PODS_PODFILE_DIR_PATH}/Podfile.lock\" \"${PODS_ROOT}/Manifest.lock\" > /dev/null\nif [ $? != 0 ] ; then\n    # print error to STDERR\n    echo \"error: The sandbox is not in sync with the Podfile.lock. Run 'pod install' or update your CocoaPods installation.\" >&2\n    exit 1\nfi\n# This output is used by Xcode 'outputs' to avoid re-running this script phase.\necho \"SUCCESS\" > \"${SCRIPT_OUTPUT_FILE_0}\"\n";
			showEnvVarsInLog = 0;
		};
/* End PBXShellScriptBuildPhase section */

/* Begin PBXSourcesBuildPhase section */
		57FDEEEC2A99C9F10029303E /* Sources */ = {
			isa = PBXSourcesBuildPhase;
			buildActionMask = 2147483647;
			files = (
				C6D20F0B2AB0259700154327 /* GRButton.swift in Sources */,
				57FDEF0C2A99D8CD0029303E /* LoginViewViewModel.swift in Sources */,
				57FDEF082A99D7620029303E /* LoginView.swift in Sources */,
				C6D20F0A2AB0259700154327 /* GRInputView.swift in Sources */,
				C6D20F062AB0259700154327 /* NavigationBackView.swift in Sources */,
				570E47562A9F1A6000CF6575 /* SessionViewViewModel.swift in Sources */,
				C6D20F0E2AB0259700154327 /* GRegistrationView.swift in Sources */,
				C6D20F042AB0259700154327 /* UITools.swift in Sources */,
				57FDEEF62A99C9F10029303E /* MainView.swift in Sources */,
				C6D20F142AB0259700154327 /* MGatewaysView.swift in Sources */,
				57FDEF0E2A99E7300029303E /* SignUpView.swift in Sources */,
				C6D20F0D2AB0259700154327 /* GRSubmitView.swift in Sources */,
				C6D20F122AB0259700154327 /* MGListItem.swift in Sources */,
				C6D20F112AB0259700154327 /* MGAlertView.swift in Sources */,
				C6D20F0C2AB0259700154327 /* GRMapView.swift in Sources */,
				C6D20F102AB0259700154327 /* MGViewModel.swift in Sources */,
				57FDEF0A2A99D8AE0029303E /* MainViewViewModel.swift in Sources */,
				C6D20F0F2AB0259700154327 /* GRStepView.swift in Sources */,
				57CEAEDE2A9F0CA2002EEFCE /* ConfirmationView.swift in Sources */,
				C6D20F052AB0259700154327 /* CusTabbarView.swift in Sources */,
				57FDEEF42A99C9F10029303E /* AquaTerraApp.swift in Sources */,
				C6D20F072AB0259700154327 /* FMNavigationBarView.swift in Sources */,
				C6D20F152AB0259700154327 /* FManagementView.swift in Sources */,
				C6D20F132AB0259700154327 /* MGHeaderView.swift in Sources */,
				C6D20F082AB0259700154327 /* BaseBarModel.swift in Sources */,
				57CEAEE02A9F0CBB002EEFCE /* SessionView.swift in Sources */,
				57FDEF102A99E7450029303E /* SignUpViewViewModel.swift in Sources */,
				C6D20F092AB0259700154327 /* BaseView.swift in Sources */,
			);
			runOnlyForDeploymentPostprocessing = 0;
		};
/* End PBXSourcesBuildPhase section */

/* Begin XCBuildConfiguration section */
		57FDEEFD2A99C9F20029303E /* Debug */ = {
			isa = XCBuildConfiguration;
			buildSettings = {
				ALWAYS_SEARCH_USER_PATHS = NO;
				CLANG_ANALYZER_NONNULL = YES;
				CLANG_ANALYZER_NUMBER_OBJECT_CONVERSION = YES_AGGRESSIVE;
				CLANG_CXX_LANGUAGE_STANDARD = "gnu++20";
				CLANG_ENABLE_MODULES = YES;
				CLANG_ENABLE_OBJC_ARC = YES;
				CLANG_ENABLE_OBJC_WEAK = YES;
				CLANG_WARN_BLOCK_CAPTURE_AUTORELEASING = YES;
				CLANG_WARN_BOOL_CONVERSION = YES;
				CLANG_WARN_COMMA = YES;
				CLANG_WARN_CONSTANT_CONVERSION = YES;
				CLANG_WARN_DEPRECATED_OBJC_IMPLEMENTATIONS = YES;
				CLANG_WARN_DIRECT_OBJC_ISA_USAGE = YES_ERROR;
				CLANG_WARN_DOCUMENTATION_COMMENTS = YES;
				CLANG_WARN_EMPTY_BODY = YES;
				CLANG_WARN_ENUM_CONVERSION = YES;
				CLANG_WARN_INFINITE_RECURSION = YES;
				CLANG_WARN_INT_CONVERSION = YES;
				CLANG_WARN_NON_LITERAL_NULL_CONVERSION = YES;
				CLANG_WARN_OBJC_IMPLICIT_RETAIN_SELF = YES;
				CLANG_WARN_OBJC_LITERAL_CONVERSION = YES;
				CLANG_WARN_OBJC_ROOT_CLASS = YES_ERROR;
				CLANG_WARN_QUOTED_INCLUDE_IN_FRAMEWORK_HEADER = YES;
				CLANG_WARN_RANGE_LOOP_ANALYSIS = YES;
				CLANG_WARN_STRICT_PROTOTYPES = YES;
				CLANG_WARN_SUSPICIOUS_MOVE = YES;
				CLANG_WARN_UNGUARDED_AVAILABILITY = YES_AGGRESSIVE;
				CLANG_WARN_UNREACHABLE_CODE = YES;
				CLANG_WARN__DUPLICATE_METHOD_MATCH = YES;
				COPY_PHASE_STRIP = NO;
				DEBUG_INFORMATION_FORMAT = dwarf;
				ENABLE_STRICT_OBJC_MSGSEND = YES;
				ENABLE_TESTABILITY = YES;
				GCC_C_LANGUAGE_STANDARD = gnu11;
				GCC_DYNAMIC_NO_PIC = NO;
				GCC_NO_COMMON_BLOCKS = YES;
				GCC_OPTIMIZATION_LEVEL = 0;
				GCC_PREPROCESSOR_DEFINITIONS = (
					"DEBUG=1",
					"$(inherited)",
				);
				GCC_WARN_64_TO_32_BIT_CONVERSION = YES;
				GCC_WARN_ABOUT_RETURN_TYPE = YES_ERROR;
				GCC_WARN_UNDECLARED_SELECTOR = YES;
				GCC_WARN_UNINITIALIZED_AUTOS = YES_AGGRESSIVE;
				GCC_WARN_UNUSED_FUNCTION = YES;
				GCC_WARN_UNUSED_VARIABLE = YES;
				MTL_ENABLE_DEBUG_INFO = INCLUDE_SOURCE;
				MTL_FAST_MATH = YES;
				ONLY_ACTIVE_ARCH = YES;
				SWIFT_ACTIVE_COMPILATION_CONDITIONS = DEBUG;
				SWIFT_OPTIMIZATION_LEVEL = "-Onone";
			};
			name = Debug;
		};
		57FDEEFE2A99C9F20029303E /* Release */ = {
			isa = XCBuildConfiguration;
			buildSettings = {
				ALWAYS_SEARCH_USER_PATHS = NO;
				CLANG_ANALYZER_NONNULL = YES;
				CLANG_ANALYZER_NUMBER_OBJECT_CONVERSION = YES_AGGRESSIVE;
				CLANG_CXX_LANGUAGE_STANDARD = "gnu++20";
				CLANG_ENABLE_MODULES = YES;
				CLANG_ENABLE_OBJC_ARC = YES;
				CLANG_ENABLE_OBJC_WEAK = YES;
				CLANG_WARN_BLOCK_CAPTURE_AUTORELEASING = YES;
				CLANG_WARN_BOOL_CONVERSION = YES;
				CLANG_WARN_COMMA = YES;
				CLANG_WARN_CONSTANT_CONVERSION = YES;
				CLANG_WARN_DEPRECATED_OBJC_IMPLEMENTATIONS = YES;
				CLANG_WARN_DIRECT_OBJC_ISA_USAGE = YES_ERROR;
				CLANG_WARN_DOCUMENTATION_COMMENTS = YES;
				CLANG_WARN_EMPTY_BODY = YES;
				CLANG_WARN_ENUM_CONVERSION = YES;
				CLANG_WARN_INFINITE_RECURSION = YES;
				CLANG_WARN_INT_CONVERSION = YES;
				CLANG_WARN_NON_LITERAL_NULL_CONVERSION = YES;
				CLANG_WARN_OBJC_IMPLICIT_RETAIN_SELF = YES;
				CLANG_WARN_OBJC_LITERAL_CONVERSION = YES;
				CLANG_WARN_OBJC_ROOT_CLASS = YES_ERROR;
				CLANG_WARN_QUOTED_INCLUDE_IN_FRAMEWORK_HEADER = YES;
				CLANG_WARN_RANGE_LOOP_ANALYSIS = YES;
				CLANG_WARN_STRICT_PROTOTYPES = YES;
				CLANG_WARN_SUSPICIOUS_MOVE = YES;
				CLANG_WARN_UNGUARDED_AVAILABILITY = YES_AGGRESSIVE;
				CLANG_WARN_UNREACHABLE_CODE = YES;
				CLANG_WARN__DUPLICATE_METHOD_MATCH = YES;
				COPY_PHASE_STRIP = NO;
				DEBUG_INFORMATION_FORMAT = "dwarf-with-dsym";
				ENABLE_NS_ASSERTIONS = NO;
				ENABLE_STRICT_OBJC_MSGSEND = YES;
				GCC_C_LANGUAGE_STANDARD = gnu11;
				GCC_NO_COMMON_BLOCKS = YES;
				GCC_WARN_64_TO_32_BIT_CONVERSION = YES;
				GCC_WARN_ABOUT_RETURN_TYPE = YES_ERROR;
				GCC_WARN_UNDECLARED_SELECTOR = YES;
				GCC_WARN_UNINITIALIZED_AUTOS = YES_AGGRESSIVE;
				GCC_WARN_UNUSED_FUNCTION = YES;
				GCC_WARN_UNUSED_VARIABLE = YES;
				MTL_ENABLE_DEBUG_INFO = NO;
				MTL_FAST_MATH = YES;
				SWIFT_COMPILATION_MODE = wholemodule;
				SWIFT_OPTIMIZATION_LEVEL = "-O";
			};
			name = Release;
		};
		57FDEF002A99C9F20029303E /* Debug */ = {
			isa = XCBuildConfiguration;
			baseConfigurationReference = 9CE2869D6D248E0C62E96416 /* Pods-AquaTerra.debug.xcconfig */;
			buildSettings = {
				ASSETCATALOG_COMPILER_APPICON_NAME = AppIcon;
				ASSETCATALOG_COMPILER_GLOBAL_ACCENT_COLOR_NAME = AccentColor;
				CODE_SIGN_ENTITLEMENTS = AquaTerra/AquaTerra.entitlements;
				CODE_SIGN_STYLE = Automatic;
				CURRENT_PROJECT_VERSION = 1;
				DEVELOPMENT_ASSET_PATHS = "\"AquaTerra/Preview Content\"";
				ENABLE_PREVIEWS = YES;
				GENERATE_INFOPLIST_FILE = YES;
				INFOPLIST_FILE = AquaTerra/Info.plist;
				"INFOPLIST_KEY_UIApplicationSceneManifest_Generation[sdk=iphoneos*]" = YES;
				"INFOPLIST_KEY_UIApplicationSceneManifest_Generation[sdk=iphonesimulator*]" = YES;
				"INFOPLIST_KEY_UIApplicationSupportsIndirectInputEvents[sdk=iphoneos*]" = YES;
				"INFOPLIST_KEY_UIApplicationSupportsIndirectInputEvents[sdk=iphonesimulator*]" = YES;
				"INFOPLIST_KEY_UILaunchScreen_Generation[sdk=iphoneos*]" = YES;
				"INFOPLIST_KEY_UILaunchScreen_Generation[sdk=iphonesimulator*]" = YES;
				"INFOPLIST_KEY_UIStatusBarStyle[sdk=iphoneos*]" = UIStatusBarStyleDefault;
				"INFOPLIST_KEY_UIStatusBarStyle[sdk=iphonesimulator*]" = UIStatusBarStyleDefault;
				INFOPLIST_KEY_UISupportedInterfaceOrientations_iPad = "UIInterfaceOrientationPortrait UIInterfaceOrientationPortraitUpsideDown UIInterfaceOrientationLandscapeLeft UIInterfaceOrientationLandscapeRight";
				INFOPLIST_KEY_UISupportedInterfaceOrientations_iPhone = "UIInterfaceOrientationPortrait UIInterfaceOrientationLandscapeLeft UIInterfaceOrientationLandscapeRight";
				IPHONEOS_DEPLOYMENT_TARGET = 16.4;
				LD_RUNPATH_SEARCH_PATHS = "@executable_path/Frameworks";
				"LD_RUNPATH_SEARCH_PATHS[sdk=macosx*]" = "@executable_path/../Frameworks";
				MACOSX_DEPLOYMENT_TARGET = 13.3;
				MARKETING_VERSION = 1.0;
				PRODUCT_BUNDLE_IDENTIFIER = com.redback.AquaTerra.AquaTerra;
				PRODUCT_NAME = "$(TARGET_NAME)";
				SDKROOT = auto;
				SUPPORTED_PLATFORMS = "iphoneos iphonesimulator macosx";
				SWIFT_EMIT_LOC_STRINGS = YES;
				SWIFT_VERSION = 5.0;
				TARGETED_DEVICE_FAMILY = "1,2";
			};
			name = Debug;
		};
		57FDEF012A99C9F20029303E /* Release */ = {
			isa = XCBuildConfiguration;
			baseConfigurationReference = 7542C0EA64370EBD912ACCD8 /* Pods-AquaTerra.release.xcconfig */;
			buildSettings = {
				ASSETCATALOG_COMPILER_APPICON_NAME = AppIcon;
				ASSETCATALOG_COMPILER_GLOBAL_ACCENT_COLOR_NAME = AccentColor;
				CODE_SIGN_ENTITLEMENTS = AquaTerra/AquaTerra.entitlements;
				CODE_SIGN_STYLE = Automatic;
				CURRENT_PROJECT_VERSION = 1;
				DEVELOPMENT_ASSET_PATHS = "\"AquaTerra/Preview Content\"";
				ENABLE_PREVIEWS = YES;
				GENERATE_INFOPLIST_FILE = YES;
				INFOPLIST_FILE = AquaTerra/Info.plist;
				"INFOPLIST_KEY_UIApplicationSceneManifest_Generation[sdk=iphoneos*]" = YES;
				"INFOPLIST_KEY_UIApplicationSceneManifest_Generation[sdk=iphonesimulator*]" = YES;
				"INFOPLIST_KEY_UIApplicationSupportsIndirectInputEvents[sdk=iphoneos*]" = YES;
				"INFOPLIST_KEY_UIApplicationSupportsIndirectInputEvents[sdk=iphonesimulator*]" = YES;
				"INFOPLIST_KEY_UILaunchScreen_Generation[sdk=iphoneos*]" = YES;
				"INFOPLIST_KEY_UILaunchScreen_Generation[sdk=iphonesimulator*]" = YES;
				"INFOPLIST_KEY_UIStatusBarStyle[sdk=iphoneos*]" = UIStatusBarStyleDefault;
				"INFOPLIST_KEY_UIStatusBarStyle[sdk=iphonesimulator*]" = UIStatusBarStyleDefault;
				INFOPLIST_KEY_UISupportedInterfaceOrientations_iPad = "UIInterfaceOrientationPortrait UIInterfaceOrientationPortraitUpsideDown UIInterfaceOrientationLandscapeLeft UIInterfaceOrientationLandscapeRight";
				INFOPLIST_KEY_UISupportedInterfaceOrientations_iPhone = "UIInterfaceOrientationPortrait UIInterfaceOrientationLandscapeLeft UIInterfaceOrientationLandscapeRight";
				IPHONEOS_DEPLOYMENT_TARGET = 16.4;
				LD_RUNPATH_SEARCH_PATHS = "@executable_path/Frameworks";
				"LD_RUNPATH_SEARCH_PATHS[sdk=macosx*]" = "@executable_path/../Frameworks";
				MACOSX_DEPLOYMENT_TARGET = 13.3;
				MARKETING_VERSION = 1.0;
				PRODUCT_BUNDLE_IDENTIFIER = com.redback.AquaTerra.AquaTerra;
				PRODUCT_NAME = "$(TARGET_NAME)";
				SDKROOT = auto;
				SUPPORTED_PLATFORMS = "iphoneos iphonesimulator macosx";
				SWIFT_EMIT_LOC_STRINGS = YES;
				SWIFT_VERSION = 5.0;
				TARGETED_DEVICE_FAMILY = "1,2";
			};
			name = Release;
		};
/* End XCBuildConfiguration section */

/* Begin XCConfigurationList section */
		57FDEEEB2A99C9F10029303E /* Build configuration list for PBXProject "AquaTerra" */ = {
			isa = XCConfigurationList;
			buildConfigurations = (
				57FDEEFD2A99C9F20029303E /* Debug */,
				57FDEEFE2A99C9F20029303E /* Release */,
			);
			defaultConfigurationIsVisible = 0;
			defaultConfigurationName = Release;
		};
		57FDEEFF2A99C9F20029303E /* Build configuration list for PBXNativeTarget "AquaTerra" */ = {
			isa = XCConfigurationList;
			buildConfigurations = (
				57FDEF002A99C9F20029303E /* Debug */,
				57FDEF012A99C9F20029303E /* Release */,
			);
			defaultConfigurationIsVisible = 0;
			defaultConfigurationName = Release;
		};
/* End XCConfigurationList section */
	};
	rootObject = 57FDEEE82A99C9F10029303E /* Project object */;
}
