// !$*UTF8*$!
{
	archiveVersion = 1;
	classes = {
	};
	objectVersion = 56;
	objects = {

/* Begin PBXBuildFile section */
		57BB171C2A9A24E900D10CA7 /* Test.swift in Sources */ = {isa = PBXBuildFile; fileRef = 57BB171B2A9A24E900D10CA7 /* Test.swift */; };
		57FDEEF42A99C9F10029303E /* AquaTerraApp.swift in Sources */ = {isa = PBXBuildFile; fileRef = 57FDEEF32A99C9F10029303E /* AquaTerraApp.swift */; };
		57FDEEF62A99C9F10029303E /* MainView.swift in Sources */ = {isa = PBXBuildFile; fileRef = 57FDEEF52A99C9F10029303E /* MainView.swift */; };
		57FDEEF82A99C9F20029303E /* Assets.xcassets in Resources */ = {isa = PBXBuildFile; fileRef = 57FDEEF72A99C9F20029303E /* Assets.xcassets */; };
		57FDEF082A99D7620029303E /* LoginView.swift in Sources */ = {isa = PBXBuildFile; fileRef = 57FDEF072A99D7620029303E /* LoginView.swift */; };
		57FDEF0A2A99D8AE0029303E /* MainViewViewModel.swift in Sources */ = {isa = PBXBuildFile; fileRef = 57FDEF092A99D8AE0029303E /* MainViewViewModel.swift */; };
		57FDEF0C2A99D8CD0029303E /* LoginViewViewModel.swift in Sources */ = {isa = PBXBuildFile; fileRef = 57FDEF0B2A99D8CD0029303E /* LoginViewViewModel.swift */; };
		57FDEF0E2A99E7300029303E /* RegisterView.swift in Sources */ = {isa = PBXBuildFile; fileRef = 57FDEF0D2A99E7300029303E /* RegisterView.swift */; };
		57FDEF102A99E7450029303E /* RegisterViewViewModel.swift in Sources */ = {isa = PBXBuildFile; fileRef = 57FDEF0F2A99E7450029303E /* RegisterViewViewModel.swift */; };
/* End PBXBuildFile section */

/* Begin PBXFileReference section */
		57BB171B2A9A24E900D10CA7 /* Test.swift */ = {isa = PBXFileReference; lastKnownFileType = sourcecode.swift; path = Test.swift; sourceTree = SOURCE_ROOT; };
		57FDEEF02A99C9F10029303E /* AquaTerra.app */ = {isa = PBXFileReference; explicitFileType = wrapper.application; includeInIndex = 0; path = AquaTerra.app; sourceTree = BUILT_PRODUCTS_DIR; };
		57FDEEF32A99C9F10029303E /* AquaTerraApp.swift */ = {isa = PBXFileReference; lastKnownFileType = sourcecode.swift; path = AquaTerraApp.swift; sourceTree = "<group>"; };
		57FDEEF52A99C9F10029303E /* MainView.swift */ = {isa = PBXFileReference; lastKnownFileType = sourcecode.swift; path = MainView.swift; sourceTree = "<group>"; };
		57FDEEF72A99C9F20029303E /* Assets.xcassets */ = {isa = PBXFileReference; lastKnownFileType = folder.assetcatalog; path = Assets.xcassets; sourceTree = "<group>"; };
		57FDEEF92A99C9F20029303E /* AquaTerra.entitlements */ = {isa = PBXFileReference; lastKnownFileType = text.plist.entitlements; path = AquaTerra.entitlements; sourceTree = "<group>"; };
		57FDEF072A99D7620029303E /* LoginView.swift */ = {isa = PBXFileReference; lastKnownFileType = sourcecode.swift; path = LoginView.swift; sourceTree = "<group>"; };
		57FDEF092A99D8AE0029303E /* MainViewViewModel.swift */ = {isa = PBXFileReference; lastKnownFileType = sourcecode.swift; path = MainViewViewModel.swift; sourceTree = "<group>"; };
		57FDEF0B2A99D8CD0029303E /* LoginViewViewModel.swift */ = {isa = PBXFileReference; lastKnownFileType = sourcecode.swift; path = LoginViewViewModel.swift; sourceTree = "<group>"; };
		57FDEF0D2A99E7300029303E /* RegisterView.swift */ = {isa = PBXFileReference; lastKnownFileType = sourcecode.swift; path = RegisterView.swift; sourceTree = "<group>"; };
		57FDEF0F2A99E7450029303E /* RegisterViewViewModel.swift */ = {isa = PBXFileReference; lastKnownFileType = sourcecode.swift; path = RegisterViewViewModel.swift; sourceTree = "<group>"; };
/* End PBXFileReference section */

/* Begin PBXFrameworksBuildPhase section */
		57FDEEED2A99C9F10029303E /* Frameworks */ = {
			isa = PBXFrameworksBuildPhase;
			buildActionMask = 2147483647;
			files = (
			);
			runOnlyForDeploymentPostprocessing = 0;
		};
/* End PBXFrameworksBuildPhase section */

/* Begin PBXGroup section */
		57FDEEE72A99C9F10029303E = {
			isa = PBXGroup;
			children = (
				57FDEEF22A99C9F10029303E /* AquaTerra */,
				57FDEEF12A99C9F10029303E /* Products */,
			);
			sourceTree = "<group>";
		};
		57FDEEF12A99C9F10029303E /* Products */ = {
			isa = PBXGroup;
			children = (
				57FDEEF02A99C9F10029303E /* AquaTerra.app */,
			);
			name = Products;
			sourceTree = "<group>";
		};
		57FDEEF22A99C9F10029303E /* AquaTerra */ = {
			isa = PBXGroup;
			children = (
				57FDEF062A99D5870029303E /* Other */,
				57FDEF042A99D56C0029303E /* Models */,
				57FDEF032A99D55D0029303E /* ViewModels */,
				57FDEF022A99D54D0029303E /* Views */,
				57FDEEF92A99C9F20029303E /* AquaTerra.entitlements */,
			);
			path = AquaTerra;
			sourceTree = "<group>";
		};
		57FDEF022A99D54D0029303E /* Views */ = {
			isa = PBXGroup;
			children = (
				57FDEEF52A99C9F10029303E /* MainView.swift */,
				57FDEF072A99D7620029303E /* LoginView.swift */,
				57FDEF0D2A99E7300029303E /* RegisterView.swift */,
			);
			path = Views;
			sourceTree = "<group>";
		};
		57FDEF032A99D55D0029303E /* ViewModels */ = {
			isa = PBXGroup;
			children = (
				57FDEF092A99D8AE0029303E /* MainViewViewModel.swift */,
				57FDEF0B2A99D8CD0029303E /* LoginViewViewModel.swift */,
				57FDEF0F2A99E7450029303E /* RegisterViewViewModel.swift */,
			);
			path = ViewModels;
			sourceTree = "<group>";
		};
		57FDEF042A99D56C0029303E /* Models */ = {
			isa = PBXGroup;
			children = (
				57BB171B2A9A24E900D10CA7 /* Test.swift */,
			);
			path = Models;
			sourceTree = "<group>";
		};
		57FDEF062A99D5870029303E /* Other */ = {
			isa = PBXGroup;
			children = (
				57FDEEF32A99C9F10029303E /* AquaTerraApp.swift */,
				57FDEEF72A99C9F20029303E /* Assets.xcassets */,
			);
			path = Other;
			sourceTree = "<group>";
		};
/* End PBXGroup section */

/* Begin PBXNativeTarget section */
		57FDEEEF2A99C9F10029303E /* AquaTerra */ = {
			isa = PBXNativeTarget;
			buildConfigurationList = 57FDEEFF2A99C9F20029303E /* Build configuration list for PBXNativeTarget "AquaTerra" */;
			buildPhases = (
				57FDEEEC2A99C9F10029303E /* Sources */,
				57FDEEED2A99C9F10029303E /* Frameworks */,
				57FDEEEE2A99C9F10029303E /* Resources */,
			);
			buildRules = (
			);
			dependencies = (
			);
			name = AquaTerra;
			productName = AquaTerra;
			productReference = 57FDEEF02A99C9F10029303E /* AquaTerra.app */;
			productType = "com.apple.product-type.application";
		};
/* End PBXNativeTarget section */

/* Begin PBXProject section */
		57FDEEE82A99C9F10029303E /* Project object */ = {
			isa = PBXProject;
			attributes = {
				BuildIndependentTargetsInParallel = 1;
				LastSwiftUpdateCheck = 1430;
				LastUpgradeCheck = 1430;
				TargetAttributes = {
					57FDEEEF2A99C9F10029303E = {
						CreatedOnToolsVersion = 14.3.1;
					};
				};
			};
			buildConfigurationList = 57FDEEEB2A99C9F10029303E /* Build configuration list for PBXProject "AquaTerra" */;
			compatibilityVersion = "Xcode 14.0";
			developmentRegion = en;
			hasScannedForEncodings = 0;
			knownRegions = (
				en,
				Base,
			);
			mainGroup = 57FDEEE72A99C9F10029303E;
			productRefGroup = 57FDEEF12A99C9F10029303E /* Products */;
			projectDirPath = "";
			projectRoot = "";
			targets = (
				57FDEEEF2A99C9F10029303E /* AquaTerra */,
			);
		};
/* End PBXProject section */

/* Begin PBXResourcesBuildPhase section */
		57FDEEEE2A99C9F10029303E /* Resources */ = {
			isa = PBXResourcesBuildPhase;
			buildActionMask = 2147483647;
			files = (
				57FDEEF82A99C9F20029303E /* Assets.xcassets in Resources */,
			);
			runOnlyForDeploymentPostprocessing = 0;
		};
/* End PBXResourcesBuildPhase section */

/* Begin PBXSourcesBuildPhase section */
		57FDEEEC2A99C9F10029303E /* Sources */ = {
			isa = PBXSourcesBuildPhase;
			buildActionMask = 2147483647;
			files = (
				57FDEF0C2A99D8CD0029303E /* LoginViewViewModel.swift in Sources */,
				57FDEF082A99D7620029303E /* LoginView.swift in Sources */,
				57FDEEF62A99C9F10029303E /* MainView.swift in Sources */,
				57FDEF0E2A99E7300029303E /* RegisterView.swift in Sources */,
				57FDEF0A2A99D8AE0029303E /* MainViewViewModel.swift in Sources */,
				57BB171C2A9A24E900D10CA7 /* Test.swift in Sources */,
				57FDEEF42A99C9F10029303E /* AquaTerraApp.swift in Sources */,
				57FDEF102A99E7450029303E /* RegisterViewViewModel.swift in Sources */,
			);
			runOnlyForDeploymentPostprocessing = 0;
		};
/* End PBXSourcesBuildPhase section */

/* Begin XCBuildConfiguration section */
		57FDEEFD2A99C9F20029303E /* Debug */ = {
			isa = XCBuildConfiguration;
			buildSettings = {
				ALWAYS_SEARCH_USER_PATHS = NO;
				CLANG_ANALYZER_NONNULL = YES;
				CLANG_ANALYZER_NUMBER_OBJECT_CONVERSION = YES_AGGRESSIVE;
				CLANG_CXX_LANGUAGE_STANDARD = "gnu++20";
				CLANG_ENABLE_MODULES = YES;
				CLANG_ENABLE_OBJC_ARC = YES;
				CLANG_ENABLE_OBJC_WEAK = YES;
				CLANG_WARN_BLOCK_CAPTURE_AUTORELEASING = YES;
				CLANG_WARN_BOOL_CONVERSION = YES;
				CLANG_WARN_COMMA = YES;
				CLANG_WARN_CONSTANT_CONVERSION = YES;
				CLANG_WARN_DEPRECATED_OBJC_IMPLEMENTATIONS = YES;
				CLANG_WARN_DIRECT_OBJC_ISA_USAGE = YES_ERROR;
				CLANG_WARN_DOCUMENTATION_COMMENTS = YES;
				CLANG_WARN_EMPTY_BODY = YES;
				CLANG_WARN_ENUM_CONVERSION = YES;
				CLANG_WARN_INFINITE_RECURSION = YES;
				CLANG_WARN_INT_CONVERSION = YES;
				CLANG_WARN_NON_LITERAL_NULL_CONVERSION = YES;
				CLANG_WARN_OBJC_IMPLICIT_RETAIN_SELF = YES;
				CLANG_WARN_OBJC_LITERAL_CONVERSION = YES;
				CLANG_WARN_OBJC_ROOT_CLASS = YES_ERROR;
				CLANG_WARN_QUOTED_INCLUDE_IN_FRAMEWORK_HEADER = YES;
				CLANG_WARN_RANGE_LOOP_ANALYSIS = YES;
				CLANG_WARN_STRICT_PROTOTYPES = YES;
				CLANG_WARN_SUSPICIOUS_MOVE = YES;
				CLANG_WARN_UNGUARDED_AVAILABILITY = YES_AGGRESSIVE;
				CLANG_WARN_UNREACHABLE_CODE = YES;
				CLANG_WARN__DUPLICATE_METHOD_MATCH = YES;
				COPY_PHASE_STRIP = NO;
				DEBUG_INFORMATION_FORMAT = dwarf;
				ENABLE_STRICT_OBJC_MSGSEND = YES;
				ENABLE_TESTABILITY = YES;
				GCC_C_LANGUAGE_STANDARD = gnu11;
				GCC_DYNAMIC_NO_PIC = NO;
				GCC_NO_COMMON_BLOCKS = YES;
				GCC_OPTIMIZATION_LEVEL = 0;
				GCC_PREPROCESSOR_DEFINITIONS = (
					"DEBUG=1",
					"$(inherited)",
				);
				GCC_WARN_64_TO_32_BIT_CONVERSION = YES;
				GCC_WARN_ABOUT_RETURN_TYPE = YES_ERROR;
				GCC_WARN_UNDECLARED_SELECTOR = YES;
				GCC_WARN_UNINITIALIZED_AUTOS = YES_AGGRESSIVE;
				GCC_WARN_UNUSED_FUNCTION = YES;
				GCC_WARN_UNUSED_VARIABLE = YES;
				MTL_ENABLE_DEBUG_INFO = INCLUDE_SOURCE;
				MTL_FAST_MATH = YES;
				ONLY_ACTIVE_ARCH = YES;
				SWIFT_ACTIVE_COMPILATION_CONDITIONS = DEBUG;
				SWIFT_OPTIMIZATION_LEVEL = "-Onone";
			};
			name = Debug;
		};
		57FDEEFE2A99C9F20029303E /* Release */ = {
			isa = XCBuildConfiguration;
			buildSettings = {
				ALWAYS_SEARCH_USER_PATHS = NO;
				CLANG_ANALYZER_NONNULL = YES;
				CLANG_ANALYZER_NUMBER_OBJECT_CONVERSION = YES_AGGRESSIVE;
				CLANG_CXX_LANGUAGE_STANDARD = "gnu++20";
				CLANG_ENABLE_MODULES = YES;
				CLANG_ENABLE_OBJC_ARC = YES;
				CLANG_ENABLE_OBJC_WEAK = YES;
				CLANG_WARN_BLOCK_CAPTURE_AUTORELEASING = YES;
				CLANG_WARN_BOOL_CONVERSION = YES;
				CLANG_WARN_COMMA = YES;
				CLANG_WARN_CONSTANT_CONVERSION = YES;
				CLANG_WARN_DEPRECATED_OBJC_IMPLEMENTATIONS = YES;
				CLANG_WARN_DIRECT_OBJC_ISA_USAGE = YES_ERROR;
				CLANG_WARN_DOCUMENTATION_COMMENTS = YES;
				CLANG_WARN_EMPTY_BODY = YES;
				CLANG_WARN_ENUM_CONVERSION = YES;
				CLANG_WARN_INFINITE_RECURSION = YES;
				CLANG_WARN_INT_CONVERSION = YES;
				CLANG_WARN_NON_LITERAL_NULL_CONVERSION = YES;
				CLANG_WARN_OBJC_IMPLICIT_RETAIN_SELF = YES;
				CLANG_WARN_OBJC_LITERAL_CONVERSION = YES;
				CLANG_WARN_OBJC_ROOT_CLASS = YES_ERROR;
				CLANG_WARN_QUOTED_INCLUDE_IN_FRAMEWORK_HEADER = YES;
				CLANG_WARN_RANGE_LOOP_ANALYSIS = YES;
				CLANG_WARN_STRICT_PROTOTYPES = YES;
				CLANG_WARN_SUSPICIOUS_MOVE = YES;
				CLANG_WARN_UNGUARDED_AVAILABILITY = YES_AGGRESSIVE;
				CLANG_WARN_UNREACHABLE_CODE = YES;
				CLANG_WARN__DUPLICATE_METHOD_MATCH = YES;
				COPY_PHASE_STRIP = NO;
				DEBUG_INFORMATION_FORMAT = "dwarf-with-dsym";
				ENABLE_NS_ASSERTIONS = NO;
				ENABLE_STRICT_OBJC_MSGSEND = YES;
				GCC_C_LANGUAGE_STANDARD = gnu11;
				GCC_NO_COMMON_BLOCKS = YES;
				GCC_WARN_64_TO_32_BIT_CONVERSION = YES;
				GCC_WARN_ABOUT_RETURN_TYPE = YES_ERROR;
				GCC_WARN_UNDECLARED_SELECTOR = YES;
				GCC_WARN_UNINITIALIZED_AUTOS = YES_AGGRESSIVE;
				GCC_WARN_UNUSED_FUNCTION = YES;
				GCC_WARN_UNUSED_VARIABLE = YES;
				MTL_ENABLE_DEBUG_INFO = NO;
				MTL_FAST_MATH = YES;
				SWIFT_COMPILATION_MODE = wholemodule;
				SWIFT_OPTIMIZATION_LEVEL = "-O";
			};
			name = Release;
		};
		57FDEF002A99C9F20029303E /* Debug */ = {
			isa = XCBuildConfiguration;
			buildSettings = {
				ASSETCATALOG_COMPILER_APPICON_NAME = AppIcon;
				ASSETCATALOG_COMPILER_GLOBAL_ACCENT_COLOR_NAME = AccentColor;
				CODE_SIGN_ENTITLEMENTS = AquaTerra/AquaTerra.entitlements;
				CODE_SIGN_STYLE = Automatic;
				CURRENT_PROJECT_VERSION = 1;
				DEVELOPMENT_ASSET_PATHS = "\"AquaTerra/Preview Content\"";
				ENABLE_PREVIEWS = YES;
				GENERATE_INFOPLIST_FILE = YES;
				"INFOPLIST_KEY_UIApplicationSceneManifest_Generation[sdk=iphoneos*]" = YES;
				"INFOPLIST_KEY_UIApplicationSceneManifest_Generation[sdk=iphonesimulator*]" = YES;
				"INFOPLIST_KEY_UIApplicationSupportsIndirectInputEvents[sdk=iphoneos*]" = YES;
				"INFOPLIST_KEY_UIApplicationSupportsIndirectInputEvents[sdk=iphonesimulator*]" = YES;
				"INFOPLIST_KEY_UILaunchScreen_Generation[sdk=iphoneos*]" = YES;
				"INFOPLIST_KEY_UILaunchScreen_Generation[sdk=iphonesimulator*]" = YES;
				"INFOPLIST_KEY_UIStatusBarStyle[sdk=iphoneos*]" = UIStatusBarStyleDefault;
				"INFOPLIST_KEY_UIStatusBarStyle[sdk=iphonesimulator*]" = UIStatusBarStyleDefault;
				INFOPLIST_KEY_UISupportedInterfaceOrientations_iPad = "UIInterfaceOrientationPortrait UIInterfaceOrientationPortraitUpsideDown UIInterfaceOrientationLandscapeLeft UIInterfaceOrientationLandscapeRight";
				INFOPLIST_KEY_UISupportedInterfaceOrientations_iPhone = "UIInterfaceOrientationPortrait UIInterfaceOrientationLandscapeLeft UIInterfaceOrientationLandscapeRight";
				IPHONEOS_DEPLOYMENT_TARGET = 16.4;
				LD_RUNPATH_SEARCH_PATHS = "@executable_path/Frameworks";
				"LD_RUNPATH_SEARCH_PATHS[sdk=macosx*]" = "@executable_path/../Frameworks";
				MACOSX_DEPLOYMENT_TARGET = 13.3;
				MARKETING_VERSION = 1.0;
				PRODUCT_BUNDLE_IDENTIFIER = com.redback.AquaTerra.AquaTerra;
				PRODUCT_NAME = "$(TARGET_NAME)";
				SDKROOT = auto;
				SUPPORTED_PLATFORMS = "iphoneos iphonesimulator macosx";
				SWIFT_EMIT_LOC_STRINGS = YES;
				SWIFT_VERSION = 5.0;
				TARGETED_DEVICE_FAMILY = "1,2";
			};
			name = Debug;
		};
		57FDEF012A99C9F20029303E /* Release */ = {
			isa = XCBuildConfiguration;
			buildSettings = {
				ASSETCATALOG_COMPILER_APPICON_NAME = AppIcon;
				ASSETCATALOG_COMPILER_GLOBAL_ACCENT_COLOR_NAME = AccentColor;
				CODE_SIGN_ENTITLEMENTS = AquaTerra/AquaTerra.entitlements;
				CODE_SIGN_STYLE = Automatic;
				CURRENT_PROJECT_VERSION = 1;
				DEVELOPMENT_ASSET_PATHS = "\"AquaTerra/Preview Content\"";
				ENABLE_PREVIEWS = YES;
				GENERATE_INFOPLIST_FILE = YES;
				"INFOPLIST_KEY_UIApplicationSceneManifest_Generation[sdk=iphoneos*]" = YES;
				"INFOPLIST_KEY_UIApplicationSceneManifest_Generation[sdk=iphonesimulator*]" = YES;
				"INFOPLIST_KEY_UIApplicationSupportsIndirectInputEvents[sdk=iphoneos*]" = YES;
				"INFOPLIST_KEY_UIApplicationSupportsIndirectInputEvents[sdk=iphonesimulator*]" = YES;
				"INFOPLIST_KEY_UILaunchScreen_Generation[sdk=iphoneos*]" = YES;
				"INFOPLIST_KEY_UILaunchScreen_Generation[sdk=iphonesimulator*]" = YES;
				"INFOPLIST_KEY_UIStatusBarStyle[sdk=iphoneos*]" = UIStatusBarStyleDefault;
				"INFOPLIST_KEY_UIStatusBarStyle[sdk=iphonesimulator*]" = UIStatusBarStyleDefault;
				INFOPLIST_KEY_UISupportedInterfaceOrientations_iPad = "UIInterfaceOrientationPortrait UIInterfaceOrientationPortraitUpsideDown UIInterfaceOrientationLandscapeLeft UIInterfaceOrientationLandscapeRight";
				INFOPLIST_KEY_UISupportedInterfaceOrientations_iPhone = "UIInterfaceOrientationPortrait UIInterfaceOrientationLandscapeLeft UIInterfaceOrientationLandscapeRight";
				IPHONEOS_DEPLOYMENT_TARGET = 16.4;
				LD_RUNPATH_SEARCH_PATHS = "@executable_path/Frameworks";
				"LD_RUNPATH_SEARCH_PATHS[sdk=macosx*]" = "@executable_path/../Frameworks";
				MACOSX_DEPLOYMENT_TARGET = 13.3;
				MARKETING_VERSION = 1.0;
				PRODUCT_BUNDLE_IDENTIFIER = com.redback.AquaTerra.AquaTerra;
				PRODUCT_NAME = "$(TARGET_NAME)";
				SDKROOT = auto;
				SUPPORTED_PLATFORMS = "iphoneos iphonesimulator macosx";
				SWIFT_EMIT_LOC_STRINGS = YES;
				SWIFT_VERSION = 5.0;
				TARGETED_DEVICE_FAMILY = "1,2";
			};
			name = Release;
		};
/* End XCBuildConfiguration section */

/* Begin XCConfigurationList section */
		57FDEEEB2A99C9F10029303E /* Build configuration list for PBXProject "AquaTerra" */ = {
			isa = XCConfigurationList;
			buildConfigurations = (
				57FDEEFD2A99C9F20029303E /* Debug */,
				57FDEEFE2A99C9F20029303E /* Release */,
			);
			defaultConfigurationIsVisible = 0;
			defaultConfigurationName = Release;
		};
		57FDEEFF2A99C9F20029303E /* Build configuration list for PBXNativeTarget "AquaTerra" */ = {
			isa = XCConfigurationList;
			buildConfigurations = (
				57FDEF002A99C9F20029303E /* Debug */,
				57FDEF012A99C9F20029303E /* Release */,
			);
			defaultConfigurationIsVisible = 0;
			defaultConfigurationName = Release;
		};
/* End XCConfigurationList section */
	};
	rootObject = 57FDEEE82A99C9F10029303E /* Project object */;
}
